// !$*UTF8*$!
{
	archiveVersion = 1;
	classes = {
	};
	objectVersion = 77;
	objects = {

/* Begin PBXContainerItemProxy section */
		8CD479732E5A34D7008AB376 /* PBXContainerItemProxy */ = {
			isa = PBXContainerItemProxy;
			containerPortal = 8CD4795D2E5A34D5008AB376 /* Project object */;
			proxyType = 1;
			remoteGlobalIDString = 8CD479642E5A34D5008AB376;
			remoteInfo = MySocialPracticeBuddy;
		};
		8CD4797D2E5A34D7008AB376 /* PBXContainerItemProxy */ = {
			isa = PBXContainerItemProxy;
			containerPortal = 8CD4795D2E5A34D5008AB376 /* Project object */;
			proxyType = 1;
			remoteGlobalIDString = 8CD479642E5A34D5008AB376;
			remoteInfo = MySocialPracticeBuddy;
		};
/* End PBXContainerItemProxy section */

/* Begin PBXFileReference section */
		8CD479652E5A34D5008AB376 /* MySocialPracticeBuddy.app */ = {isa = PBXFileReference; explicitFileType = wrapper.application; includeInIndex = 0; path = MySocialPracticeBuddy.app; sourceTree = BUILT_PRODUCTS_DIR; };
		8CD479722E5A34D7008AB376 /* MySocialPracticeBuddyTests.xctest */ = {isa = PBXFileReference; explicitFileType = wrapper.cfbundle; includeInIndex = 0; path = MySocialPracticeBuddyTests.xctest; sourceTree = BUILT_PRODUCTS_DIR; };
		8CD4797C2E5A34D7008AB376 /* MySocialPracticeBuddyUITests.xctest */ = {isa = PBXFileReference; explicitFileType = wrapper.cfbundle; includeInIndex = 0; path = MySocialPracticeBuddyUITests.xctest; sourceTree = BUILT_PRODUCTS_DIR; };
/* End PBXFileReference section */

/* Begin PBXFileSystemSynchronizedRootGroup section */
		8CD479672E5A34D5008AB376 /* MySocialPracticeBuddy */ = {
			isa = PBXFileSystemSynchronizedRootGroup;
			path = MySocialPracticeBuddy;
			sourceTree = "<group>";
		};
		8CD479752E5A34D7008AB376 /* MySocialPracticeBuddyTests */ = {
			isa = PBXFileSystemSynchronizedRootGroup;
			path = MySocialPracticeBuddyTests;
			sourceTree = "<group>";
		};
		8CD4797F2E5A34D7008AB376 /* MySocialPracticeBuddyUITests */ = {
			isa = PBXFileSystemSynchronizedRootGroup;
			path = MySocialPracticeBuddyUITests;
			sourceTree = "<group>";
		};
/* End PBXFileSystemSynchronizedRootGroup section */

/* Begin PBXFrameworksBuildPhase section */
		8CD479622E5A34D5008AB376 /* Frameworks */ = {
			isa = PBXFrameworksBuildPhase;
			buildActionMask = 2147483647;
			files = (
			);
			runOnlyForDeploymentPostprocessing = 0;
		};
		8CD4796F2E5A34D7008AB376 /* Frameworks */ = {
			isa = PBXFrameworksBuildPhase;
			buildActionMask = 2147483647;
			files = (
			);
			runOnlyForDeploymentPostprocessing = 0;
		};
		8CD479792E5A34D7008AB376 /* Frameworks */ = {
			isa = PBXFrameworksBuildPhase;
			buildActionMask = 2147483647;
			files = (
			);
			runOnlyForDeploymentPostprocessing = 0;
		};
/* End PBXFrameworksBuildPhase section */

/* Begin PBXGroup section */
		8CD4795C2E5A34D5008AB376 = {
			isa = PBXGroup;
			children = (
				8CD479672E5A34D5008AB376 /* MySocialPracticeBuddy */,
				8CD479752E5A34D7008AB376 /* MySocialPracticeBuddyTests */,
				8CD4797F2E5A34D7008AB376 /* MySocialPracticeBuddyUITests */,
				8CD479662E5A34D5008AB376 /* Products */,
			);
			sourceTree = "<group>";
		};
		8CD479662E5A34D5008AB376 /* Products */ = {
			isa = PBXGroup;
			children = (
				8CD479652E5A34D5008AB376 /* MySocialPracticeBuddy.app */,
				8CD479722E5A34D7008AB376 /* MySocialPracticeBuddyTests.xctest */,
				8CD4797C2E5A34D7008AB376 /* MySocialPracticeBuddyUITests.xctest */,
			);
			name = Products;
			sourceTree = "<group>";
		};
/* End PBXGroup section */

/* Begin PBXNativeTarget section */
		8CD479642E5A34D5008AB376 /* MySocialPracticeBuddy */ = {
			isa = PBXNativeTarget;
			buildConfigurationList = 8CD479862E5A34D7008AB376 /* Build configuration list for PBXNativeTarget "MySocialPracticeBuddy" */;
			buildPhases = (
				8CD479612E5A34D5008AB376 /* Sources */,
				8CD479622E5A34D5008AB376 /* Frameworks */,
				8CD479632E5A34D5008AB376 /* Resources */,
			);
			buildRules = (
			);
			dependencies = (
			);
			fileSystemSynchronizedGroups = (
				8CD479672E5A34D5008AB376 /* MySocialPracticeBuddy */,
			);
			name = MySocialPracticeBuddy;
			packageProductDependencies = (
			);
			productName = MySocialPracticeBuddy;
			productReference = 8CD479652E5A34D5008AB376 /* MySocialPracticeBuddy.app */;
			productType = "com.apple.product-type.application";
		};
		8CD479712E5A34D7008AB376 /* MySocialPracticeBuddyTests */ = {
			isa = PBXNativeTarget;
			buildConfigurationList = 8CD479892E5A34D7008AB376 /* Build configuration list for PBXNativeTarget "MySocialPracticeBuddyTests" */;
			buildPhases = (
				8CD4796E2E5A34D7008AB376 /* Sources */,
				8CD4796F2E5A34D7008AB376 /* Frameworks */,
				8CD479702E5A34D7008AB376 /* Resources */,
			);
			buildRules = (
			);
			dependencies = (
				8CD479742E5A34D7008AB376 /* PBXTargetDependency */,
			);
			fileSystemSynchronizedGroups = (
				8CD479752E5A34D7008AB376 /* MySocialPracticeBuddyTests */,
			);
			name = MySocialPracticeBuddyTests;
			packageProductDependencies = (
			);
			productName = MySocialPracticeBuddyTests;
			productReference = 8CD479722E5A34D7008AB376 /* MySocialPracticeBuddyTests.xctest */;
			productType = "com.apple.product-type.bundle.unit-test";
		};
		8CD4797B2E5A34D7008AB376 /* MySocialPracticeBuddyUITests */ = {
			isa = PBXNativeTarget;
			buildConfigurationList = 8CD4798C2E5A34D7008AB376 /* Build configuration list for PBXNativeTarget "MySocialPracticeBuddyUITests" */;
			buildPhases = (
				8CD479782E5A34D7008AB376 /* Sources */,
				8CD479792E5A34D7008AB376 /* Frameworks */,
				8CD4797A2E5A34D7008AB376 /* Resources */,
			);
			buildRules = (
			);
			dependencies = (
				8CD4797E2E5A34D7008AB376 /* PBXTargetDependency */,
			);
			fileSystemSynchronizedGroups = (
				8CD4797F2E5A34D7008AB376 /* MySocialPracticeBuddyUITests */,
			);
			name = MySocialPracticeBuddyUITests;
			packageProductDependencies = (
			);
			productName = MySocialPracticeBuddyUITests;
			productReference = 8CD4797C2E5A34D7008AB376 /* MySocialPracticeBuddyUITests.xctest */;
			productType = "com.apple.product-type.bundle.ui-testing";
		};
/* End PBXNativeTarget section */

/* Begin PBXProject section */
		8CD4795D2E5A34D5008AB376 /* Project object */ = {
			isa = PBXProject;
			attributes = {
				BuildIndependentTargetsInParallel = 1;
				LastSwiftUpdateCheck = 1640;
				LastUpgradeCheck = 1640;
				TargetAttributes = {
					8CD479642E5A34D5008AB376 = {
						CreatedOnToolsVersion = 16.4;
					};
					8CD479712E5A34D7008AB376 = {
						CreatedOnToolsVersion = 16.4;
						TestTargetID = 8CD479642E5A34D5008AB376;
					};
					8CD4797B2E5A34D7008AB376 = {
						CreatedOnToolsVersion = 16.4;
						TestTargetID = 8CD479642E5A34D5008AB376;
					};
				};
			};
			buildConfigurationList = 8CD479602E5A34D5008AB376 /* Build configuration list for PBXProject "MySocialPracticeBuddy" */;
			developmentRegion = en;
			hasScannedForEncodings = 0;
			knownRegions = (
				en,
				Base,
			);
			mainGroup = 8CD4795C2E5A34D5008AB376;
			minimizedProjectReferenceProxies = 1;
			preferredProjectObjectVersion = 77;
			productRefGroup = 8CD479662E5A34D5008AB376 /* Products */;
			projectDirPath = "";
			projectRoot = "";
			targets = (
				8CD479642E5A34D5008AB376 /* MySocialPracticeBuddy */,
				8CD479712E5A34D7008AB376 /* MySocialPracticeBuddyTests */,
				8CD4797B2E5A34D7008AB376 /* MySocialPracticeBuddyUITests */,
			);
		};
/* End PBXProject section */

/* Begin PBXResourcesBuildPhase section */
		8CD479632E5A34D5008AB376 /* Resources */ = {
			isa = PBXResourcesBuildPhase;
			buildActionMask = 2147483647;
			files = (
			);
			runOnlyForDeploymentPostprocessing = 0;
		};
		8CD479702E5A34D7008AB376 /* Resources */ = {
			isa = PBXResourcesBuildPhase;
			buildActionMask = 2147483647;
			files = (
			);
			runOnlyForDeploymentPostprocessing = 0;
		};
		8CD4797A2E5A34D7008AB376 /* Resources */ = {
			isa = PBXResourcesBuildPhase;
			buildActionMask = 2147483647;
			files = (
			);
			runOnlyForDeploymentPostprocessing = 0;
		};
/* End PBXResourcesBuildPhase section */

/* Begin PBXSourcesBuildPhase section */
		8CD479612E5A34D5008AB376 /* Sources */ = {
			isa = PBXSourcesBuildPhase;
			buildActionMask = 2147483647;
			files = (
			);
			runOnlyForDeploymentPostprocessing = 0;
		};
		8CD4796E2E5A34D7008AB376 /* Sources */ = {
			isa = PBXSourcesBuildPhase;
			buildActionMask = 2147483647;
			files = (
			);
			runOnlyForDeploymentPostprocessing = 0;
		};
		8CD479782E5A34D7008AB376 /* Sources */ = {
			isa = PBXSourcesBuildPhase;
			buildActionMask = 2147483647;
			files = (
			);
			runOnlyForDeploymentPostprocessing = 0;
		};
/* End PBXSourcesBuildPhase section */

/* Begin PBXTargetDependency section */
		8CD479742E5A34D7008AB376 /* PBXTargetDependency */ = {
			isa = PBXTargetDependency;
			target = 8CD479642E5A34D5008AB376 /* MySocialPracticeBuddy */;
			targetProxy = 8CD479732E5A34D7008AB376 /* PBXContainerItemProxy */;
		};
		8CD4797E2E5A34D7008AB376 /* PBXTargetDependency */ = {
			isa = PBXTargetDependency;
			target = 8CD479642E5A34D5008AB376 /* MySocialPracticeBuddy */;
			targetProxy = 8CD4797D2E5A34D7008AB376 /* PBXContainerItemProxy */;
		};
/* End PBXTargetDependency section */

/* Begin XCBuildConfiguration section */
		8CD479842E5A34D7008AB376 /* Debug */ = {
			isa = XCBuildConfiguration;
			buildSettings = {
				ALWAYS_SEARCH_USER_PATHS = NO;
				ASSETCATALOG_COMPILER_GENERATE_SWIFT_ASSET_SYMBOL_EXTENSIONS = YES;
				CLANG_ANALYZER_NONNULL = YES;
				CLANG_ANALYZER_NUMBER_OBJECT_CONVERSION = YES_AGGRESSIVE;
				CLANG_CXX_LANGUAGE_STANDARD = "gnu++20";
				CLANG_ENABLE_MODULES = YES;
				CLANG_ENABLE_OBJC_ARC = YES;
				CLANG_ENABLE_OBJC_WEAK = YES;
				CLANG_WARN_BLOCK_CAPTURE_AUTORELEASING = YES;
				CLANG_WARN_BOOL_CONVERSION = YES;
				CLANG_WARN_COMMA = YES;
				CLANG_WARN_CONSTANT_CONVERSION = YES;
				CLANG_WARN_DEPRECATED_OBJC_IMPLEMENTATIONS = YES;
				CLANG_WARN_DIRECT_OBJC_ISA_USAGE = YES_ERROR;
				CLANG_WARN_DOCUMENTATION_COMMENTS = YES;
				CLANG_WARN_EMPTY_BODY = YES;
				CLANG_WARN_ENUM_CONVERSION = YES;
				CLANG_WARN_INFINITE_RECURSION = YES;
				CLANG_WARN_INT_CONVERSION = YES;
				CLANG_WARN_NON_LITERAL_NULL_CONVERSION = YES;
				CLANG_WARN_OBJC_IMPLICIT_RETAIN_SELF = YES;
				CLANG_WARN_OBJC_LITERAL_CONVERSION = YES;
				CLANG_WARN_OBJC_ROOT_CLASS = YES_ERROR;
				CLANG_WARN_QUOTED_INCLUDE_IN_FRAMEWORK_HEADER = YES;
				CLANG_WARN_RANGE_LOOP_ANALYSIS = YES;
				CLANG_WARN_STRICT_PROTOTYPES = YES;
				CLANG_WARN_SUSPICIOUS_MOVE = YES;
				CLANG_WARN_UNGUARDED_AVAILABILITY = YES_AGGRESSIVE;
				CLANG_WARN_UNREACHABLE_CODE = YES;
				CLANG_WARN__DUPLICATE_METHOD_MATCH = YES;
				COPY_PHASE_STRIP = NO;
				DEBUG_INFORMATION_FORMAT = dwarf;
				ENABLE_STRICT_OBJC_MSGSEND = YES;
				ENABLE_TESTABILITY = YES;
				ENABLE_USER_SCRIPT_SANDBOXING = YES;
				GCC_C_LANGUAGE_STANDARD = gnu17;
				GCC_DYNAMIC_NO_PIC = NO;
				GCC_NO_COMMON_BLOCKS = YES;
				GCC_OPTIMIZATION_LEVEL = 0;
				GCC_PREPROCESSOR_DEFINITIONS = (
					"DEBUG=1",
					"$(inherited)",
				);
				GCC_WARN_64_TO_32_BIT_CONVERSION = YES;
				GCC_WARN_ABOUT_RETURN_TYPE = YES_ERROR;
				GCC_WARN_UNDECLARED_SELECTOR = YES;
				GCC_WARN_UNINITIALIZED_AUTOS = YES_AGGRESSIVE;
				GCC_WARN_UNUSED_FUNCTION = YES;
				GCC_WARN_UNUSED_VARIABLE = YES;
				IPHONEOS_DEPLOYMENT_TARGET = 18.5;
				LOCALIZATION_PREFERS_STRING_CATALOGS = YES;
				MTL_ENABLE_DEBUG_INFO = INCLUDE_SOURCE;
				MTL_FAST_MATH = YES;
				ONLY_ACTIVE_ARCH = YES;
				SDKROOT = iphoneos;
				SWIFT_ACTIVE_COMPILATION_CONDITIONS = "DEBUG $(inherited)";
				SWIFT_OPTIMIZATION_LEVEL = "-Onone";
			};
			name = Debug;
		};
		8CD479852E5A34D7008AB376 /* Release */ = {
			isa = XCBuildConfiguration;
			buildSettings = {
				ALWAYS_SEARCH_USER_PATHS = NO;
				ASSETCATALOG_COMPILER_GENERATE_SWIFT_ASSET_SYMBOL_EXTENSIONS = YES;
				CLANG_ANALYZER_NONNULL = YES;
				CLANG_ANALYZER_NUMBER_OBJECT_CONVERSION = YES_AGGRESSIVE;
				CLANG_CXX_LANGUAGE_STANDARD = "gnu++20";
				CLANG_ENABLE_MODULES = YES;
				CLANG_ENABLE_OBJC_ARC = YES;
				CLANG_ENABLE_OBJC_WEAK = YES;
				CLANG_WARN_BLOCK_CAPTURE_AUTORELEASING = YES;
				CLANG_WARN_BOOL_CONVERSION = YES;
				CLANG_WARN_COMMA = YES;
				CLANG_WARN_CONSTANT_CONVERSION = YES;
				CLANG_WARN_DEPRECATED_OBJC_IMPLEMENTATIONS = YES;
				CLANG_WARN_DIRECT_OBJC_ISA_USAGE = YES_ERROR;
				CLANG_WARN_DOCUMENTATION_COMMENTS = YES;
				CLANG_WARN_EMPTY_BODY = YES;
				CLANG_WARN_ENUM_CONVERSION = YES;
				CLANG_WARN_INFINITE_RECURSION = YES;
				CLANG_WARN_INT_CONVERSION = YES;
				CLANG_WARN_NON_LITERAL_NULL_CONVERSION = YES;
				CLANG_WARN_OBJC_IMPLICIT_RETAIN_SELF = YES;
				CLANG_WARN_OBJC_LITERAL_CONVERSION = YES;
				CLANG_WARN_OBJC_ROOT_CLASS = YES_ERROR;
				CLANG_WARN_QUOTED_INCLUDE_IN_FRAMEWORK_HEADER = YES;
				CLANG_WARN_RANGE_LOOP_ANALYSIS = YES;
				CLANG_WARN_STRICT_PROTOTYPES = YES;
				CLANG_WARN_SUSPICIOUS_MOVE = YES;
				CLANG_WARN_UNGUARDED_AVAILABILITY = YES_AGGRESSIVE;
				CLANG_WARN_UNREACHABLE_CODE = YES;
				CLANG_WARN__DUPLICATE_METHOD_MATCH = YES;
				COPY_PHASE_STRIP = NO;
				DEBUG_INFORMATION_FORMAT = "dwarf-with-dsym";
				ENABLE_NS_ASSERTIONS = NO;
				ENABLE_STRICT_OBJC_MSGSEND = YES;
				ENABLE_USER_SCRIPT_SANDBOXING = YES;
				GCC_C_LANGUAGE_STANDARD = gnu17;
				GCC_NO_COMMON_BLOCKS = YES;
				GCC_WARN_64_TO_32_BIT_CONVERSION = YES;
				GCC_WARN_ABOUT_RETURN_TYPE = YES_ERROR;
				GCC_WARN_UNDECLARED_SELECTOR = YES;
				GCC_WARN_UNINITIALIZED_AUTOS = YES_AGGRESSIVE;
				GCC_WARN_UNUSED_FUNCTION = YES;
				GCC_WARN_UNUSED_VARIABLE = YES;
				IPHONEOS_DEPLOYMENT_TARGET = 18.5;
				LOCALIZATION_PREFERS_STRING_CATALOGS = YES;
				MTL_ENABLE_DEBUG_INFO = NO;
				MTL_FAST_MATH = YES;
				SDKROOT = iphoneos;
				SWIFT_COMPILATION_MODE = wholemodule;
				VALIDATE_PRODUCT = YES;
			};
			name = Release;
		};
		8CD479872E5A34D7008AB376 /* Debug */ = {
			isa = XCBuildConfiguration;
			buildSettings = {
				ASSETCATALOG_COMPILER_APPICON_NAME = AppIcon;
				ASSETCATALOG_COMPILER_GLOBAL_ACCENT_COLOR_NAME = AccentColor;
				CODE_SIGN_STYLE = Automatic;
				CURRENT_PROJECT_VERSION = 1;
				ENABLE_PREVIEWS = YES;
				GENERATE_INFOPLIST_FILE = YES;
				INFOPLIST_KEY_UIApplicationSceneManifest_Generation = YES;
				INFOPLIST_KEY_UIApplicationSupportsIndirectInputEvents = YES;
				INFOPLIST_KEY_UILaunchScreen_Generation = YES;
				INFOPLIST_KEY_UISupportedInterfaceOrientations_iPad = "UIInterfaceOrientationPortrait UIInterfaceOrientationPortraitUpsideDown UIInterfaceOrientationLandscapeLeft UIInterfaceOrientationLandscapeRight";
				INFOPLIST_KEY_UISupportedInterfaceOrientations_iPhone = "UIInterfaceOrientationPortrait UIInterfaceOrientationLandscapeLeft UIInterfaceOrientationLandscapeRight";
				LD_RUNPATH_SEARCH_PATHS = (
					"$(inherited)",
					"@executable_path/Frameworks",
				);
				MARKETING_VERSION = 1.0;
				PRODUCT_BUNDLE_IDENTIFIER = blabla.MySocialPracticeBuddy;
				PRODUCT_NAME = "$(TARGET_NAME)";
				SWIFT_EMIT_LOC_STRINGS = YES;
				SWIFT_VERSION = 5.0;
				TARGETED_DEVICE_FAMILY = "1,2";
			};
			name = Debug;
		};
		8CD479882E5A34D7008AB376 /* Release */ = {
			isa = XCBuildConfiguration;
			buildSettings = {
				ASSETCATALOG_COMPILER_APPICON_NAME = AppIcon;
				ASSETCATALOG_COMPILER_GLOBAL_ACCENT_COLOR_NAME = AccentColor;
				CODE_SIGN_STYLE = Automatic;
				CURRENT_PROJECT_VERSION = 1;
				ENABLE_PREVIEWS = YES;
				GENERATE_INFOPLIST_FILE = YES;
				INFOPLIST_KEY_UIApplicationSceneManifest_Generation = YES;
				INFOPLIST_KEY_UIApplicationSupportsIndirectInputEvents = YES;
				INFOPLIST_KEY_UILaunchScreen_Generation = YES;
				INFOPLIST_KEY_UISupportedInterfaceOrientations_iPad = "UIInterfaceOrientationPortrait UIInterfaceOrientationPortraitUpsideDown UIInterfaceOrientationLandscapeLeft UIInterfaceOrientationLandscapeRight";
				INFOPLIST_KEY_UISupportedInterfaceOrientations_iPhone = "UIInterfaceOrientationPortrait UIInterfaceOrientationLandscapeLeft UIInterfaceOrientationLandscapeRight";
				LD_RUNPATH_SEARCH_PATHS = (
					"$(inherited)",
					"@executable_path/Frameworks",
				);
				MARKETING_VERSION = 1.0;
				PRODUCT_BUNDLE_IDENTIFIER = blabla.MySocialPracticeBuddy;
				PRODUCT_NAME = "$(TARGET_NAME)";
				SWIFT_EMIT_LOC_STRINGS = YES;
				SWIFT_VERSION = 5.0;
				TARGETED_DEVICE_FAMILY = "1,2";
			};
			name = Release;
		};
		8CD4798A2E5A34D7008AB376 /* Debug */ = {
			isa = XCBuildConfiguration;
			buildSettings = {
				BUNDLE_LOADER = "$(TEST_HOST)";
				CODE_SIGN_STYLE = Automatic;
				CURRENT_PROJECT_VERSION = 1;
				GENERATE_INFOPLIST_FILE = YES;
				IPHONEOS_DEPLOYMENT_TARGET = 18.5;
				MARKETING_VERSION = 1.0;
				PRODUCT_BUNDLE_IDENTIFIER = blabla.MySocialPracticeBuddyTests;
				PRODUCT_NAME = "$(TARGET_NAME)";
				SWIFT_EMIT_LOC_STRINGS = NO;
				SWIFT_VERSION = 5.0;
				TARGETED_DEVICE_FAMILY = "1,2";
				TEST_HOST = "$(BUILT_PRODUCTS_DIR)/MySocialPracticeBuddy.app/$(BUNDLE_EXECUTABLE_FOLDER_PATH)/MySocialPracticeBuddy";
			};
			name = Debug;
		};
		8CD4798B2E5A34D7008AB376 /* Release */ = {
			isa = XCBuildConfiguration;
			buildSettings = {
				BUNDLE_LOADER = "$(TEST_HOST)";
				CODE_SIGN_STYLE = Automatic;
				CURRENT_PROJECT_VERSION = 1;
				GENERATE_INFOPLIST_FILE = YES;
				IPHONEOS_DEPLOYMENT_TARGET = 18.5;
				MARKETING_VERSION = 1.0;
				PRODUCT_BUNDLE_IDENTIFIER = blabla.MySocialPracticeBuddyTests;
				PRODUCT_NAME = "$(TARGET_NAME)";
				SWIFT_EMIT_LOC_STRINGS = NO;
				SWIFT_VERSION = 5.0;
				TARGETED_DEVICE_FAMILY = "1,2";
				TEST_HOST = "$(BUILT_PRODUCTS_DIR)/MySocialPracticeBuddy.app/$(BUNDLE_EXECUTABLE_FOLDER_PATH)/MySocialPracticeBuddy";
			};
			name = Release;
		};
		8CD4798D2E5A34D7008AB376 /* Debug */ = {
			isa = XCBuildConfiguration;
			buildSettings = {
				CODE_SIGN_STYLE = Automatic;
				CURRENT_PROJECT_VERSION = 1;
				GENERATE_INFOPLIST_FILE = YES;
				MARKETING_VERSION = 1.0;
				PRODUCT_BUNDLE_IDENTIFIER = blabla.MySocialPracticeBuddyUITests;
				PRODUCT_NAME = "$(TARGET_NAME)";
				SWIFT_EMIT_LOC_STRINGS = NO;
				SWIFT_VERSION = 5.0;
				TARGETED_DEVICE_FAMILY = "1,2";
				TEST_TARGET_NAME = MySocialPracticeBuddy;
			};
			name = Debug;
		};
		8CD4798E2E5A34D7008AB376 /* Release */ = {
			isa = XCBuildConfiguration;
			buildSettings = {
				CODE_SIGN_STYLE = Automatic;
				CURRENT_PROJECT_VERSION = 1;
				GENERATE_INFOPLIST_FILE = YES;
				MARKETING_VERSION = 1.0;
				PRODUCT_BUNDLE_IDENTIFIER = blabla.MySocialPracticeBuddyUITests;
				PRODUCT_NAME = "$(TARGET_NAME)";
				SWIFT_EMIT_LOC_STRINGS = NO;
				SWIFT_VERSION = 5.0;
				TARGETED_DEVICE_FAMILY = "1,2";
				TEST_TARGET_NAME = MySocialPracticeBuddy;
			};
			name = Release;
		};
/* End XCBuildConfiguration section */

/* Begin XCConfigurationList section */
		8CD479602E5A34D5008AB376 /* Build configuration list for PBXProject "MySocialPracticeBuddy" */ = {
			isa = XCConfigurationList;
			buildConfigurations = (
				8CD479842E5A34D7008AB376 /* Debug */,
				8CD479852E5A34D7008AB376 /* Release */,
			);
			defaultConfigurationIsVisible = 0;
			defaultConfigurationName = Release;
		};
		8CD479862E5A34D7008AB376 /* Build configuration list for PBXNativeTarget "MySocialPracticeBuddy" */ = {
			isa = XCConfigurationList;
			buildConfigurations = (
				8CD479872E5A34D7008AB376 /* Debug */,
				8CD479882E5A34D7008AB376 /* Release */,
			);
			defaultConfigurationIsVisible = 0;
			defaultConfigurationName = Release;
		};
		8CD479892E5A34D7008AB376 /* Build configuration list for PBXNativeTarget "MySocialPracticeBuddyTests" */ = {
			isa = XCConfigurationList;
			buildConfigurations = (
				8CD4798A2E5A34D7008AB376 /* Debug */,
				8CD4798B2E5A34D7008AB376 /* Release */,
			);
			defaultConfigurationIsVisible = 0;
			defaultConfigurationName = Release;
		};
		8CD4798C2E5A34D7008AB376 /* Build configuration list for PBXNativeTarget "MySocialPracticeBuddyUITests" */ = {
			isa = XCConfigurationList;
			buildConfigurations = (
				8CD4798D2E5A34D7008AB376 /* Debug */,
				8CD4798E2E5A34D7008AB376 /* Release */,
			);
			defaultConfigurationIsVisible = 0;
			defaultConfigurationName = Release;
		};
/* End XCConfigurationList section */
	};
	rootObject = 8CD4795D2E5A34D5008AB376 /* Project object */;
}
